
Microsoft Visual Studio Solution File, Format Version 12.00
# Visual Studio Version 16
VisualStudioVersion = 16.0.31424.327
MinimumVisualStudioVersion = 10.0.40219.1
Project("{FAE04EC0-301F-11D3-BF4B-00C04F79EFBC}") = "ÜbungenDieVierte", "ÜbungenDieVierte\ÜbungenDieVierte.csproj", "{584008DC-F8FC-444B-9681-DF7910F2B753}"
EndProject
Global
	GlobalSection(SolutionConfigurationPlatforms) = preSolution
		Debug|Any CPU = Debug|Any CPU
		Release|Any CPU = Release|Any CPU
	EndGlobalSection
	GlobalSection(ProjectConfigurationPlatforms) = postSolution
		{584008DC-F8FC-444B-9681-DF7910F2B753}.Debug|Any CPU.ActiveCfg = Debug|Any CPU
		{584008DC-F8FC-444B-9681-DF7910F2B753}.Debug|Any CPU.Build.0 = Debug|Any CPU
		{584008DC-F8FC-444B-9681-DF7910F2B753}.Release|Any CPU.ActiveCfg = Release|Any CPU
		{584008DC-F8FC-444B-9681-DF7910F2B753}.Release|Any CPU.Build.0 = Release|Any CPU
	EndGlobalSection
	GlobalSection(SolutionProperties) = preSolution
		HideSolutionNode = FALSE
	EndGlobalSection
	GlobalSection(ExtensibilityGlobals) = postSolution
		SolutionGuid = {12EDD554-0049-4071-9492-C1EA9D4127C5}
	EndGlobalSection
EndGlobal
